// !$*UTF8*$!
{
	archiveVersion = 1;
	classes = {
	};
	objectVersion = 77;
	objects = {

/* Begin PBXContainerItemProxy section */
		AC7A8C9E2D5CDE0D00C480B1 /* PBXContainerItemProxy */ = {
			isa = PBXContainerItemProxy;
			containerPortal = AC7A8C7F2D5CDE0800C480B1 /* Project object */;
			proxyType = 1;
			remoteGlobalIDString = AC7A8C862D5CDE0800C480B1;
			remoteInfo = "scan-demo";
		};
		AC7A8CA82D5CDE0D00C480B1 /* PBXContainerItemProxy */ = {
			isa = PBXContainerItemProxy;
			containerPortal = AC7A8C7F2D5CDE0800C480B1 /* Project object */;
			proxyType = 1;
			remoteGlobalIDString = AC7A8C862D5CDE0800C480B1;
			remoteInfo = "scan-demo";
		};
/* End PBXContainerItemProxy section */

/* Begin PBXFileReference section */
		AC7A8C872D5CDE0800C480B1 /* scan-demo.app */ = {isa = PBXFileReference; explicitFileType = wrapper.application; includeInIndex = 0; path = "scan-demo.app"; sourceTree = BUILT_PRODUCTS_DIR; };
		AC7A8C9D2D5CDE0D00C480B1 /* scan-demoTests.xctest */ = {isa = PBXFileReference; explicitFileType = wrapper.cfbundle; includeInIndex = 0; path = "scan-demoTests.xctest"; sourceTree = BUILT_PRODUCTS_DIR; };
		AC7A8CA72D5CDE0D00C480B1 /* scan-demoUITests.xctest */ = {isa = PBXFileReference; explicitFileType = wrapper.cfbundle; includeInIndex = 0; path = "scan-demoUITests.xctest"; sourceTree = BUILT_PRODUCTS_DIR; };
/* End PBXFileReference section */

/* Begin PBXFileSystemSynchronizedBuildFileExceptionSet section */
		AC7A8CAF2D5CDE0D00C480B1 /* Exceptions for "scan-demo" folder in "scan-demo" target */ = {
			isa = PBXFileSystemSynchronizedBuildFileExceptionSet;
			membershipExceptions = (
				Info.plist,
			);
			target = AC7A8C862D5CDE0800C480B1 /* scan-demo */;
		};
/* End PBXFileSystemSynchronizedBuildFileExceptionSet section */

/* Begin PBXFileSystemSynchronizedRootGroup section */
		AC7A8C892D5CDE0800C480B1 /* scan-demo */ = {
			isa = PBXFileSystemSynchronizedRootGroup;
			exceptions = (
				AC7A8CAF2D5CDE0D00C480B1 /* Exceptions for "scan-demo" folder in "scan-demo" target */,
			);
			path = "scan-demo";
			sourceTree = "<group>";
		};
		AC7A8CA02D5CDE0D00C480B1 /* scan-demoTests */ = {
			isa = PBXFileSystemSynchronizedRootGroup;
			path = "scan-demoTests";
			sourceTree = "<group>";
		};
		AC7A8CAA2D5CDE0D00C480B1 /* scan-demoUITests */ = {
			isa = PBXFileSystemSynchronizedRootGroup;
			path = "scan-demoUITests";
			sourceTree = "<group>";
		};
/* End PBXFileSystemSynchronizedRootGroup section */

/* Begin PBXFrameworksBuildPhase section */
		AC7A8C842D5CDE0800C480B1 /* Frameworks */ = {
			isa = PBXFrameworksBuildPhase;
			buildActionMask = 2147483647;
			files = (
			);
			runOnlyForDeploymentPostprocessing = 0;
		};
		AC7A8C9A2D5CDE0D00C480B1 /* Frameworks */ = {
			isa = PBXFrameworksBuildPhase;
			buildActionMask = 2147483647;
			files = (
			);
			runOnlyForDeploymentPostprocessing = 0;
		};
		AC7A8CA42D5CDE0D00C480B1 /* Frameworks */ = {
			isa = PBXFrameworksBuildPhase;
			buildActionMask = 2147483647;
			files = (
			);
			runOnlyForDeploymentPostprocessing = 0;
		};
/* End PBXFrameworksBuildPhase section */

/* Begin PBXGroup section */
		AC7A8C7E2D5CDE0800C480B1 = {
			isa = PBXGroup;
			children = (
				AC7A8C892D5CDE0800C480B1 /* scan-demo */,
				AC7A8CA02D5CDE0D00C480B1 /* scan-demoTests */,
				AC7A8CAA2D5CDE0D00C480B1 /* scan-demoUITests */,
				AC7A8C882D5CDE0800C480B1 /* Products */,
			);
			sourceTree = "<group>";
		};
		AC7A8C882D5CDE0800C480B1 /* Products */ = {
			isa = PBXGroup;
			children = (
				AC7A8C872D5CDE0800C480B1 /* scan-demo.app */,
				AC7A8C9D2D5CDE0D00C480B1 /* scan-demoTests.xctest */,
				AC7A8CA72D5CDE0D00C480B1 /* scan-demoUITests.xctest */,
			);
			name = Products;
			sourceTree = "<group>";
		};
/* End PBXGroup section */

/* Begin PBXNativeTarget section */
		AC7A8C862D5CDE0800C480B1 /* scan-demo */ = {
			isa = PBXNativeTarget;
			buildConfigurationList = AC7A8CB02D5CDE0D00C480B1 /* Build configuration list for PBXNativeTarget "scan-demo" */;
			buildPhases = (
				AC7A8C832D5CDE0800C480B1 /* Sources */,
				AC7A8C842D5CDE0800C480B1 /* Frameworks */,
				AC7A8C852D5CDE0800C480B1 /* Resources */,
			);
			buildRules = (
			);
			dependencies = (
			);
			fileSystemSynchronizedGroups = (
				AC7A8C892D5CDE0800C480B1 /* scan-demo */,
			);
			name = "scan-demo";
			packageProductDependencies = (
			);
			productName = "scan-demo";
			productReference = AC7A8C872D5CDE0800C480B1 /* scan-demo.app */;
			productType = "com.apple.product-type.application";
		};
		AC7A8C9C2D5CDE0D00C480B1 /* scan-demoTests */ = {
			isa = PBXNativeTarget;
			buildConfigurationList = AC7A8CB52D5CDE0D00C480B1 /* Build configuration list for PBXNativeTarget "scan-demoTests" */;
			buildPhases = (
				AC7A8C992D5CDE0D00C480B1 /* Sources */,
				AC7A8C9A2D5CDE0D00C480B1 /* Frameworks */,
				AC7A8C9B2D5CDE0D00C480B1 /* Resources */,
			);
			buildRules = (
			);
			dependencies = (
				AC7A8C9F2D5CDE0D00C480B1 /* PBXTargetDependency */,
			);
			fileSystemSynchronizedGroups = (
				AC7A8CA02D5CDE0D00C480B1 /* scan-demoTests */,
			);
			name = "scan-demoTests";
			packageProductDependencies = (
			);
			productName = "scan-demoTests";
			productReference = AC7A8C9D2D5CDE0D00C480B1 /* scan-demoTests.xctest */;
			productType = "com.apple.product-type.bundle.unit-test";
		};
		AC7A8CA62D5CDE0D00C480B1 /* scan-demoUITests */ = {
			isa = PBXNativeTarget;
			buildConfigurationList = AC7A8CB82D5CDE0D00C480B1 /* Build configuration list for PBXNativeTarget "scan-demoUITests" */;
			buildPhases = (
				AC7A8CA32D5CDE0D00C480B1 /* Sources */,
				AC7A8CA42D5CDE0D00C480B1 /* Frameworks */,
				AC7A8CA52D5CDE0D00C480B1 /* Resources */,
			);
			buildRules = (
			);
			dependencies = (
				AC7A8CA92D5CDE0D00C480B1 /* PBXTargetDependency */,
			);
			fileSystemSynchronizedGroups = (
				AC7A8CAA2D5CDE0D00C480B1 /* scan-demoUITests */,
			);
			name = "scan-demoUITests";
			packageProductDependencies = (
			);
			productName = "scan-demoUITests";
			productReference = AC7A8CA72D5CDE0D00C480B1 /* scan-demoUITests.xctest */;
			productType = "com.apple.product-type.bundle.ui-testing";
		};
/* End PBXNativeTarget section */

/* Begin PBXProject section */
		AC7A8C7F2D5CDE0800C480B1 /* Project object */ = {
			isa = PBXProject;
			attributes = {
				BuildIndependentTargetsInParallel = 1;
				LastSwiftUpdateCheck = 1610;
				LastUpgradeCheck = 1610;
				TargetAttributes = {
					AC7A8C862D5CDE0800C480B1 = {
						CreatedOnToolsVersion = 16.1;
					};
					AC7A8C9C2D5CDE0D00C480B1 = {
						CreatedOnToolsVersion = 16.1;
						TestTargetID = AC7A8C862D5CDE0800C480B1;
					};
					AC7A8CA62D5CDE0D00C480B1 = {
						CreatedOnToolsVersion = 16.1;
						TestTargetID = AC7A8C862D5CDE0800C480B1;
					};
				};
			};
			buildConfigurationList = AC7A8C822D5CDE0800C480B1 /* Build configuration list for PBXProject "scan-demo" */;
			developmentRegion = en;
			hasScannedForEncodings = 0;
			knownRegions = (
				en,
				Base,
			);
			mainGroup = AC7A8C7E2D5CDE0800C480B1;
			minimizedProjectReferenceProxies = 1;
			preferredProjectObjectVersion = 77;
			productRefGroup = AC7A8C882D5CDE0800C480B1 /* Products */;
			projectDirPath = "";
			projectRoot = "";
			targets = (
				AC7A8C862D5CDE0800C480B1 /* scan-demo */,
				AC7A8C9C2D5CDE0D00C480B1 /* scan-demoTests */,
				AC7A8CA62D5CDE0D00C480B1 /* scan-demoUITests */,
			);
		};
/* End PBXProject section */

/* Begin PBXResourcesBuildPhase section */
		AC7A8C852D5CDE0800C480B1 /* Resources */ = {
			isa = PBXResourcesBuildPhase;
			buildActionMask = 2147483647;
			files = (
			);
			runOnlyForDeploymentPostprocessing = 0;
		};
		AC7A8C9B2D5CDE0D00C480B1 /* Resources */ = {
			isa = PBXResourcesBuildPhase;
			buildActionMask = 2147483647;
			files = (
			);
			runOnlyForDeploymentPostprocessing = 0;
		};
		AC7A8CA52D5CDE0D00C480B1 /* Resources */ = {
			isa = PBXResourcesBuildPhase;
			buildActionMask = 2147483647;
			files = (
			);
			runOnlyForDeploymentPostprocessing = 0;
		};
/* End PBXResourcesBuildPhase section */

/* Begin PBXSourcesBuildPhase section */
		AC7A8C832D5CDE0800C480B1 /* Sources */ = {
			isa = PBXSourcesBuildPhase;
			buildActionMask = 2147483647;
			files = (
			);
			runOnlyForDeploymentPostprocessing = 0;
		};
		AC7A8C992D5CDE0D00C480B1 /* Sources */ = {
			isa = PBXSourcesBuildPhase;
			buildActionMask = 2147483647;
			files = (
			);
			runOnlyForDeploymentPostprocessing = 0;
		};
		AC7A8CA32D5CDE0D00C480B1 /* Sources */ = {
			isa = PBXSourcesBuildPhase;
			buildActionMask = 2147483647;
			files = (
			);
			runOnlyForDeploymentPostprocessing = 0;
		};
/* End PBXSourcesBuildPhase section */

/* Begin PBXTargetDependency section */
		AC7A8C9F2D5CDE0D00C480B1 /* PBXTargetDependency */ = {
			isa = PBXTargetDependency;
			target = AC7A8C862D5CDE0800C480B1 /* scan-demo */;
			targetProxy = AC7A8C9E2D5CDE0D00C480B1 /* PBXContainerItemProxy */;
		};
		AC7A8CA92D5CDE0D00C480B1 /* PBXTargetDependency */ = {
			isa = PBXTargetDependency;
			target = AC7A8C862D5CDE0800C480B1 /* scan-demo */;
			targetProxy = AC7A8CA82D5CDE0D00C480B1 /* PBXContainerItemProxy */;
		};
/* End PBXTargetDependency section */

/* Begin XCBuildConfiguration section */
		AC7A8CB12D5CDE0D00C480B1 /* Debug */ = {
			isa = XCBuildConfiguration;
			buildSettings = {
				ASSETCATALOG_COMPILER_APPICON_NAME = AppIcon;
				ASSETCATALOG_COMPILER_GLOBAL_ACCENT_COLOR_NAME = AccentColor;
				CODE_SIGN_STYLE = Automatic;
				CURRENT_PROJECT_VERSION = 1;
				DEVELOPMENT_TEAM = EPMM58X8CP;
				GENERATE_INFOPLIST_FILE = YES;
				INFOPLIST_FILE = "scan-demo/Info.plist";
				INFOPLIST_KEY_UIApplicationSupportsIndirectInputEvents = YES;
				INFOPLIST_KEY_UILaunchStoryboardName = LaunchScreen;
				INFOPLIST_KEY_UIMainStoryboardFile = Main;
				INFOPLIST_KEY_UISupportedInterfaceOrientations_iPad = "UIInterfaceOrientationPortrait UIInterfaceOrientationPortraitUpsideDown UIInterfaceOrientationLandscapeLeft UIInterfaceOrientationLandscapeRight";
				INFOPLIST_KEY_UISupportedInterfaceOrientations_iPhone = "UIInterfaceOrientationPortrait UIInterfaceOrientationLandscapeLeft UIInterfaceOrientationLandscapeRight";
				LD_RUNPATH_SEARCH_PATHS = (
					"$(inherited)",
					"@executable_path/Frameworks",
				);
				MARKETING_VERSION = 1.0;
				PRODUCT_BUNDLE_IDENTIFIER = "com.closeout.scan-demo";
				PRODUCT_NAME = "$(TARGET_NAME)";
				SWIFT_EMIT_LOC_STRINGS = YES;
				SWIFT_VERSION = 5.0;
				TARGETED_DEVICE_FAMILY = "1,2";
			};
			name = Debug;
		};
		AC7A8CB22D5CDE0D00C480B1 /* Release */ = {
			isa = XCBuildConfiguration;
			buildSettings = {
				ASSETCATALOG_COMPILER_APPICON_NAME = AppIcon;
				ASSETCATALOG_COMPILER_GLOBAL_ACCENT_COLOR_NAME = AccentColor;
				CODE_SIGN_STYLE = Automatic;
				CURRENT_PROJECT_VERSION = 1;
				DEVELOPMENT_TEAM = EPMM58X8CP;
				GENERATE_INFOPLIST_FILE = YES;
				INFOPLIST_FILE = "scan-demo/Info.plist";
				INFOPLIST_KEY_UIApplicationSupportsIndirectInputEvents = YES;
				INFOPLIST_KEY_UILaunchStoryboardName = LaunchScreen;
				INFOPLIST_KEY_UIMainStoryboardFile = Main;
				INFOPLIST_KEY_UISupportedInterfaceOrientations_iPad = "UIInterfaceOrientationPortrait UIInterfaceOrientationPortraitUpsideDown UIInterfaceOrientationLandscapeLeft UIInterfaceOrientationLandscapeRight";
				INFOPLIST_KEY_UISupportedInterfaceOrientations_iPhone = "UIInterfaceOrientationPortrait UIInterfaceOrientationLandscapeLeft UIInterfaceOrientationLandscapeRight";
				LD_RUNPATH_SEARCH_PATHS = (
					"$(inherited)",
					"@executable_path/Frameworks",
				);
				MARKETING_VERSION = 1.0;
				PRODUCT_BUNDLE_IDENTIFIER = "com.closeout.scan-demo";
				PRODUCT_NAME = "$(TARGET_NAME)";
				SWIFT_EMIT_LOC_STRINGS = YES;
				SWIFT_VERSION = 5.0;
				TARGETED_DEVICE_FAMILY = "1,2";
			};
			name = Release;
		};
		AC7A8CB32D5CDE0D00C480B1 /* Debug */ = {
			isa = XCBuildConfiguration;
			buildSettings = {
				ALWAYS_SEARCH_USER_PATHS = NO;
				ASSETCATALOG_COMPILER_GENERATE_SWIFT_ASSET_SYMBOL_EXTENSIONS = YES;
				CLANG_ANALYZER_NONNULL = YES;
				CLANG_ANALYZER_NUMBER_OBJECT_CONVERSION = YES_AGGRESSIVE;
				CLANG_CXX_LANGUAGE_STANDARD = "gnu++20";
				CLANG_ENABLE_MODULES = YES;
				CLANG_ENABLE_OBJC_ARC = YES;
				CLANG_ENABLE_OBJC_WEAK = YES;
				CLANG_WARN_BLOCK_CAPTURE_AUTORELEASING = YES;
				CLANG_WARN_BOOL_CONVERSION = YES;
				CLANG_WARN_COMMA = YES;
				CLANG_WARN_CONSTANT_CONVERSION = YES;
				CLANG_WARN_DEPRECATED_OBJC_IMPLEMENTATIONS = YES;
				CLANG_WARN_DIRECT_OBJC_ISA_USAGE = YES_ERROR;
				CLANG_WARN_DOCUMENTATION_COMMENTS = YES;
				CLANG_WARN_EMPTY_BODY = YES;
				CLANG_WARN_ENUM_CONVERSION = YES;
				CLANG_WARN_INFINITE_RECURSION = YES;
				CLANG_WARN_INT_CONVERSION = YES;
				CLANG_WARN_NON_LITERAL_NULL_CONVERSION = YES;
				CLANG_WARN_OBJC_IMPLICIT_RETAIN_SELF = YES;
				CLANG_WARN_OBJC_LITERAL_CONVERSION = YES;
				CLANG_WARN_OBJC_ROOT_CLASS = YES_ERROR;
				CLANG_WARN_QUOTED_INCLUDE_IN_FRAMEWORK_HEADER = YES;
				CLANG_WARN_RANGE_LOOP_ANALYSIS = YES;
				CLANG_WARN_STRICT_PROTOTYPES = YES;
				CLANG_WARN_SUSPICIOUS_MOVE = YES;
				CLANG_WARN_UNGUARDED_AVAILABILITY = YES_AGGRESSIVE;
				CLANG_WARN_UNREACHABLE_CODE = YES;
				CLANG_WARN__DUPLICATE_METHOD_MATCH = YES;
				COPY_PHASE_STRIP = NO;
				DEBUG_INFORMATION_FORMAT = dwarf;
				ENABLE_STRICT_OBJC_MSGSEND = YES;
				ENABLE_TESTABILITY = YES;
				ENABLE_USER_SCRIPT_SANDBOXING = YES;
				GCC_C_LANGUAGE_STANDARD = gnu17;
				GCC_DYNAMIC_NO_PIC = NO;
				GCC_NO_COMMON_BLOCKS = YES;
				GCC_OPTIMIZATION_LEVEL = 0;
				GCC_PREPROCESSOR_DEFINITIONS = (
					"DEBUG=1",
					"$(inherited)",
				);
				GCC_WARN_64_TO_32_BIT_CONVERSION = YES;
				GCC_WARN_ABOUT_RETURN_TYPE = YES_ERROR;
				GCC_WARN_UNDECLARED_SELECTOR = YES;
				GCC_WARN_UNINITIALIZED_AUTOS = YES_AGGRESSIVE;
				GCC_WARN_UNUSED_FUNCTION = YES;
				GCC_WARN_UNUSED_VARIABLE = YES;
				IPHONEOS_DEPLOYMENT_TARGET = 18.1;
				LOCALIZATION_PREFERS_STRING_CATALOGS = YES;
				MTL_ENABLE_DEBUG_INFO = INCLUDE_SOURCE;
				MTL_FAST_MATH = YES;
				ONLY_ACTIVE_ARCH = YES;
				SDKROOT = iphoneos;
				SWIFT_ACTIVE_COMPILATION_CONDITIONS = "DEBUG $(inherited)";
				SWIFT_OPTIMIZATION_LEVEL = "-Onone";
			};
			name = Debug;
		};
		AC7A8CB42D5CDE0D00C480B1 /* Release */ = {
			isa = XCBuildConfiguration;
			buildSettings = {
				ALWAYS_SEARCH_USER_PATHS = NO;
				ASSETCATALOG_COMPILER_GENERATE_SWIFT_ASSET_SYMBOL_EXTENSIONS = YES;
				CLANG_ANALYZER_NONNULL = YES;
				CLANG_ANALYZER_NUMBER_OBJECT_CONVERSION = YES_AGGRESSIVE;
				CLANG_CXX_LANGUAGE_STANDARD = "gnu++20";
				CLANG_ENABLE_MODULES = YES;
				CLANG_ENABLE_OBJC_ARC = YES;
				CLANG_ENABLE_OBJC_WEAK = YES;
				CLANG_WARN_BLOCK_CAPTURE_AUTORELEASING = YES;
				CLANG_WARN_BOOL_CONVERSION = YES;
				CLANG_WARN_COMMA = YES;
				CLANG_WARN_CONSTANT_CONVERSION = YES;
				CLANG_WARN_DEPRECATED_OBJC_IMPLEMENTATIONS = YES;
				CLANG_WARN_DIRECT_OBJC_ISA_USAGE = YES_ERROR;
				CLANG_WARN_DOCUMENTATION_COMMENTS = YES;
				CLANG_WARN_EMPTY_BODY = YES;
				CLANG_WARN_ENUM_CONVERSION = YES;
				CLANG_WARN_INFINITE_RECURSION = YES;
				CLANG_WARN_INT_CONVERSION = YES;
				CLANG_WARN_NON_LITERAL_NULL_CONVERSION = YES;
				CLANG_WARN_OBJC_IMPLICIT_RETAIN_SELF = YES;
				CLANG_WARN_OBJC_LITERAL_CONVERSION = YES;
				CLANG_WARN_OBJC_ROOT_CLASS = YES_ERROR;
				CLANG_WARN_QUOTED_INCLUDE_IN_FRAMEWORK_HEADER = YES;
				CLANG_WARN_RANGE_LOOP_ANALYSIS = YES;
				CLANG_WARN_STRICT_PROTOTYPES = YES;
				CLANG_WARN_SUSPICIOUS_MOVE = YES;
				CLANG_WARN_UNGUARDED_AVAILABILITY = YES_AGGRESSIVE;
				CLANG_WARN_UNREACHABLE_CODE = YES;
				CLANG_WARN__DUPLICATE_METHOD_MATCH = YES;
				COPY_PHASE_STRIP = NO;
				DEBUG_INFORMATION_FORMAT = "dwarf-with-dsym";
				ENABLE_NS_ASSERTIONS = NO;
				ENABLE_STRICT_OBJC_MSGSEND = YES;
				ENABLE_USER_SCRIPT_SANDBOXING = YES;
				GCC_C_LANGUAGE_STANDARD = gnu17;
				GCC_NO_COMMON_BLOCKS = YES;
				GCC_WARN_64_TO_32_BIT_CONVERSION = YES;
				GCC_WARN_ABOUT_RETURN_TYPE = YES_ERROR;
				GCC_WARN_UNDECLARED_SELECTOR = YES;
				GCC_WARN_UNINITIALIZED_AUTOS = YES_AGGRESSIVE;
				GCC_WARN_UNUSED_FUNCTION = YES;
				GCC_WARN_UNUSED_VARIABLE = YES;
				IPHONEOS_DEPLOYMENT_TARGET = 18.1;
				LOCALIZATION_PREFERS_STRING_CATALOGS = YES;
				MTL_ENABLE_DEBUG_INFO = NO;
				MTL_FAST_MATH = YES;
				SDKROOT = iphoneos;
				SWIFT_COMPILATION_MODE = wholemodule;
				VALIDATE_PRODUCT = YES;
			};
			name = Release;
		};
		AC7A8CB62D5CDE0D00C480B1 /* Debug */ = {
			isa = XCBuildConfiguration;
			buildSettings = {
				BUNDLE_LOADER = "$(TEST_HOST)";
				CODE_SIGN_STYLE = Automatic;
				CURRENT_PROJECT_VERSION = 1;
				DEVELOPMENT_TEAM = EPMM58X8CP;
				GENERATE_INFOPLIST_FILE = YES;
				IPHONEOS_DEPLOYMENT_TARGET = 18.1;
				MARKETING_VERSION = 1.0;
				PRODUCT_BUNDLE_IDENTIFIER = "com.closeout.scan-demoTests";
				PRODUCT_NAME = "$(TARGET_NAME)";
				SWIFT_EMIT_LOC_STRINGS = NO;
				SWIFT_VERSION = 5.0;
				TARGETED_DEVICE_FAMILY = "1,2";
				TEST_HOST = "$(BUILT_PRODUCTS_DIR)/scan-demo.app/$(BUNDLE_EXECUTABLE_FOLDER_PATH)/scan-demo";
			};
			name = Debug;
		};
		AC7A8CB72D5CDE0D00C480B1 /* Release */ = {
			isa = XCBuildConfiguration;
			buildSettings = {
				BUNDLE_LOADER = "$(TEST_HOST)";
				CODE_SIGN_STYLE = Automatic;
				CURRENT_PROJECT_VERSION = 1;
				DEVELOPMENT_TEAM = EPMM58X8CP;
				GENERATE_INFOPLIST_FILE = YES;
				IPHONEOS_DEPLOYMENT_TARGET = 18.1;
				MARKETING_VERSION = 1.0;
				PRODUCT_BUNDLE_IDENTIFIER = "com.closeout.scan-demoTests";
				PRODUCT_NAME = "$(TARGET_NAME)";
				SWIFT_EMIT_LOC_STRINGS = NO;
				SWIFT_VERSION = 5.0;
				TARGETED_DEVICE_FAMILY = "1,2";
				TEST_HOST = "$(BUILT_PRODUCTS_DIR)/scan-demo.app/$(BUNDLE_EXECUTABLE_FOLDER_PATH)/scan-demo";
			};
			name = Release;
		};
		AC7A8CB92D5CDE0D00C480B1 /* Debug */ = {
			isa = XCBuildConfiguration;
			buildSettings = {
				CODE_SIGN_STYLE = Automatic;
				CURRENT_PROJECT_VERSION = 1;
				DEVELOPMENT_TEAM = EPMM58X8CP;
				GENERATE_INFOPLIST_FILE = YES;
				MARKETING_VERSION = 1.0;
				PRODUCT_BUNDLE_IDENTIFIER = "com.closeout.scan-demoUITests";
				PRODUCT_NAME = "$(TARGET_NAME)";
				SWIFT_EMIT_LOC_STRINGS = NO;
				SWIFT_VERSION = 5.0;
				TARGETED_DEVICE_FAMILY = "1,2";
				TEST_TARGET_NAME = "scan-demo";
			};
			name = Debug;
		};
		AC7A8CBA2D5CDE0D00C480B1 /* Release */ = {
			isa = XCBuildConfiguration;
			buildSettings = {
				CODE_SIGN_STYLE = Automatic;
				CURRENT_PROJECT_VERSION = 1;
				DEVELOPMENT_TEAM = EPMM58X8CP;
				GENERATE_INFOPLIST_FILE = YES;
				MARKETING_VERSION = 1.0;
				PRODUCT_BUNDLE_IDENTIFIER = "com.closeout.scan-demoUITests";
				PRODUCT_NAME = "$(TARGET_NAME)";
				SWIFT_EMIT_LOC_STRINGS = NO;
				SWIFT_VERSION = 5.0;
				TARGETED_DEVICE_FAMILY = "1,2";
				TEST_TARGET_NAME = "scan-demo";
			};
			name = Release;
		};
/* End XCBuildConfiguration section */

/* Begin XCConfigurationList section */
		AC7A8C822D5CDE0800C480B1 /* Build configuration list for PBXProject "scan-demo" */ = {
			isa = XCConfigurationList;
			buildConfigurations = (
				AC7A8CB32D5CDE0D00C480B1 /* Debug */,
				AC7A8CB42D5CDE0D00C480B1 /* Release */,
			);
			defaultConfigurationIsVisible = 0;
			defaultConfigurationName = Release;
		};
		AC7A8CB02D5CDE0D00C480B1 /* Build configuration list for PBXNativeTarget "scan-demo" */ = {
			isa = XCConfigurationList;
			buildConfigurations = (
				AC7A8CB12D5CDE0D00C480B1 /* Debug */,
				AC7A8CB22D5CDE0D00C480B1 /* Release */,
			);
			defaultConfigurationIsVisible = 0;
			defaultConfigurationName = Release;
		};
		AC7A8CB52D5CDE0D00C480B1 /* Build configuration list for PBXNativeTarget "scan-demoTests" */ = {
			isa = XCConfigurationList;
			buildConfigurations = (
				AC7A8CB62D5CDE0D00C480B1 /* Debug */,
				AC7A8CB72D5CDE0D00C480B1 /* Release */,
			);
			defaultConfigurationIsVisible = 0;
			defaultConfigurationName = Release;
		};
		AC7A8CB82D5CDE0D00C480B1 /* Build configuration list for PBXNativeTarget "scan-demoUITests" */ = {
			isa = XCConfigurationList;
			buildConfigurations = (
				AC7A8CB92D5CDE0D00C480B1 /* Debug */,
				AC7A8CBA2D5CDE0D00C480B1 /* Release */,
			);
			defaultConfigurationIsVisible = 0;
			defaultConfigurationName = Release;
		};
/* End XCConfigurationList section */
	};
	rootObject = AC7A8C7F2D5CDE0800C480B1 /* Project object */;
}
